
Microsoft Visual Studio Solution File, Format Version 12.00
# Visual Studio Version 16
VisualStudioVersion = 25.0.1705.4
MinimumVisualStudioVersion = 10.0.40219.1
Project("{FAE04EC0-301F-11D3-BF4B-00C04F79EFBC}") = "FlowApp", "FlowApp\FlowApp.csproj", "{D804CE03-6FAF-49D5-A9CC-6B7DB4B21C68}"
EndProject
Global
	GlobalSection(SolutionConfigurationPlatforms) = preSolution
		Debug|Any CPU = Debug|Any CPU
		Release|Any CPU = Release|Any CPU
	EndGlobalSection
	GlobalSection(ProjectConfigurationPlatforms) = postSolution
		{D804CE03-6FAF-49D5-A9CC-6B7DB4B21C68}.Debug|Any CPU.ActiveCfg = Debug|Any CPU
		{D804CE03-6FAF-49D5-A9CC-6B7DB4B21C68}.Debug|Any CPU.Build.0 = Debug|Any CPU
		{D804CE03-6FAF-49D5-A9CC-6B7DB4B21C68}.Release|Any CPU.ActiveCfg = Release|Any CPU
		{D804CE03-6FAF-49D5-A9CC-6B7DB4B21C68}.Release|Any CPU.Build.0 = Release|Any CPU
	EndGlobalSection
	GlobalSection(SolutionProperties) = preSolution
		HideSolutionNode = FALSE
	EndGlobalSection
	GlobalSection(ExtensibilityGlobals) = postSolution
		SolutionGuid = {A805D825-03CD-44FB-A6C4-D18029EFB4F7}
	EndGlobalSection
EndGlobal
